
Microsoft Visual Studio Solution File, Format Version 12.00
# Visual Studio Version 17
VisualStudioVersion = 17.13.35919.96
MinimumVisualStudioVersion = 10.0.40219.1
Project("{FAE04EC0-301F-11D3-BF4B-00C04F79EFBC}") = "MyDiet.Core.Api", "src\Apis\MyDiet.Core.Api\MyDiet.Core.Api.csproj", "{E5CA5580-0B79-46E9-9764-623A960EA644}"
EndProject
Project("{FAE04EC0-301F-11D3-BF4B-00C04F79EFBC}") = "MyDiet.Core.Business", "src\Businesses\MyDiet.Core.Business\MyDiet.Core.Business.csproj", "{219D5E3C-7C65-4F75-8C47-F6D28D2497E9}"
EndProject
Project("{FAE04EC0-301F-11D3-BF4B-00C04F79EFBC}") = "MyDiet.Core.Domain", "src\Domains\MyDiet.Core.Domain\MyDiet.Core.Domain.csproj", "{CB63ED89-42D8-401E-9F8C-6D1978969F56}"
EndProject
Project("{2150E333-8FDC-42A3-9474-1A3956D46DE8}") = "src", "src", "{02EA681E-C7D8-13C7-8484-4AC65E1B71E8}"
EndProject
Project("{2150E333-8FDC-42A3-9474-1A3956D46DE8}") = "Apis", "Apis", "{1E6A4772-B0A3-40B0-B1FC-68D15B834170}"
EndProject
Project("{2150E333-8FDC-42A3-9474-1A3956D46DE8}") = "Domains", "Domains", "{C9865844-AE72-4411-A8F6-6C75088A1779}"
EndProject
Project("{2150E333-8FDC-42A3-9474-1A3956D46DE8}") = "Infrastructures", "Infrastructures", "{93CE6A11-9559-4BF8-9410-375B4C7C5418}"
	ProjectSection(SolutionItems) = preProject
		src\Infrastructures\schema.md = src\Infrastructures\schema.md
	EndProjectSection
EndProject
Project("{2150E333-8FDC-42A3-9474-1A3956D46DE8}") = "Businesses", "Businesses", "{818290B6-6180-4923-94E0-2C5F9B4D65C9}"
EndProject
Project("{00D1A9C2-B5F0-4AF3-8072-F6C62B433612}") = "MyDiet.Core.Database", "src\Infrastructures\MyDiet.Core.Database\MyDiet.Core.Database.sqlproj", "{6C529858-7A63-4389-925A-034AF7B28C1D}"
EndProject
Project("{FAE04EC0-301F-11D3-BF4B-00C04F79EFBC}") = "MyDiet.Core.Sql", "src\Infrastructures\MyDiet.Core.Sql\MyDiet.Core.Sql.csproj", "{11EBCBBD-508E-431C-B3E8-20AE178D1D8C}"
EndProject
Project("{FAE04EC0-301F-11D3-BF4B-00C04F79EFBC}") = "MyDiet.Identity.Api", "src\Apis\MyDiet.Identity.Api\MyDiet.Identity.Api.csproj", "{A2804173-0EAE-4FEF-876E-0BD10ACF20C9}"
EndProject
Project("{FAE04EC0-301F-11D3-BF4B-00C04F79EFBC}") = "MyDiet.Identity.Domain", "src\Domains\MyDiet.Identity.Domain\MyDiet.Identity.Domain.csproj", "{4712C120-E494-4A00-9E9A-AE1BFE5CAA9D}"
EndProject
Project("{FAE04EC0-301F-11D3-BF4B-00C04F79EFBC}") = "MyDiet.Identity.Business", "src\Businesses\MyDiet.Identity.Business\MyDiet.Identity.Business.csproj", "{233EDD90-54AE-1F22-836C-E30E18F2D147}"
EndProject
Project("{FAE04EC0-301F-11D3-BF4B-00C04F79EFBC}") = "MyDiet.Identity.Infrastructure", "src\Infrastructures\MyDiet.Identity.Infrastructure\MyDiet.Identity.Infrastructure.csproj", "{33366BE7-0A9A-4793-BCE5-7422AAEFE024}"
EndProject
Project("{FAE04EC0-301F-11D3-BF4B-00C04F79EFBC}") = "MyDiet.Shared.Domain", "src\Domains\MyDiet.Shared.Domain\MyDiet.Shared.Domain.csproj", "{44ECE34A-99A4-4397-9553-4980D6BE9151}"
EndProject
Project("{FAE04EC0-301F-11D3-BF4B-00C04F79EFBC}") = "MyDiet.Shared.Api", "src\Apis\MyDiet.Shared.Api\MyDiet.Shared.Api.csproj", "{11553685-62D7-4B0D-B3B8-F37900B6D50E}"
EndProject
Project("{2150E333-8FDC-42A3-9474-1A3956D46DE8}") = "Tests", "Tests", "{27489ED8-609E-493A-B9CC-A4D2C4EDF39F}"
EndProject
Project("{FAE04EC0-301F-11D3-BF4B-00C04F79EFBC}") = "MyDiet.Identity.Test", "src\Tests\MyDiet.Identity.Test\MyDiet.Identity.Test.csproj", "{7703B4D7-DA9D-4149-9964-94D002AB786C}"
EndProject
Global
	GlobalSection(SolutionConfigurationPlatforms) = preSolution
		Debug|Any CPU = Debug|Any CPU
		Release|Any CPU = Release|Any CPU
	EndGlobalSection
	GlobalSection(ProjectConfigurationPlatforms) = postSolution
		{E5CA5580-0B79-46E9-9764-623A960EA644}.Debug|Any CPU.ActiveCfg = Debug|Any CPU
		{E5CA5580-0B79-46E9-9764-623A960EA644}.Debug|Any CPU.Build.0 = Debug|Any CPU
		{E5CA5580-0B79-46E9-9764-623A960EA644}.Release|Any CPU.ActiveCfg = Release|Any CPU
		{E5CA5580-0B79-46E9-9764-623A960EA644}.Release|Any CPU.Build.0 = Release|Any CPU
		{219D5E3C-7C65-4F75-8C47-F6D28D2497E9}.Debug|Any CPU.ActiveCfg = Debug|Any CPU
		{219D5E3C-7C65-4F75-8C47-F6D28D2497E9}.Debug|Any CPU.Build.0 = Debug|Any CPU
		{219D5E3C-7C65-4F75-8C47-F6D28D2497E9}.Release|Any CPU.ActiveCfg = Release|Any CPU
		{219D5E3C-7C65-4F75-8C47-F6D28D2497E9}.Release|Any CPU.Build.0 = Release|Any CPU
		{CB63ED89-42D8-401E-9F8C-6D1978969F56}.Debug|Any CPU.ActiveCfg = Debug|Any CPU
		{CB63ED89-42D8-401E-9F8C-6D1978969F56}.Debug|Any CPU.Build.0 = Debug|Any CPU
		{CB63ED89-42D8-401E-9F8C-6D1978969F56}.Release|Any CPU.ActiveCfg = Release|Any CPU
		{CB63ED89-42D8-401E-9F8C-6D1978969F56}.Release|Any CPU.Build.0 = Release|Any CPU
		{6C529858-7A63-4389-925A-034AF7B28C1D}.Debug|Any CPU.ActiveCfg = Debug|Any CPU
		{6C529858-7A63-4389-925A-034AF7B28C1D}.Debug|Any CPU.Build.0 = Debug|Any CPU
		{6C529858-7A63-4389-925A-034AF7B28C1D}.Debug|Any CPU.Deploy.0 = Debug|Any CPU
		{6C529858-7A63-4389-925A-034AF7B28C1D}.Release|Any CPU.ActiveCfg = Release|Any CPU
		{6C529858-7A63-4389-925A-034AF7B28C1D}.Release|Any CPU.Build.0 = Release|Any CPU
		{6C529858-7A63-4389-925A-034AF7B28C1D}.Release|Any CPU.Deploy.0 = Release|Any CPU
		{11EBCBBD-508E-431C-B3E8-20AE178D1D8C}.Debug|Any CPU.ActiveCfg = Debug|Any CPU
		{11EBCBBD-508E-431C-B3E8-20AE178D1D8C}.Debug|Any CPU.Build.0 = Debug|Any CPU
		{11EBCBBD-508E-431C-B3E8-20AE178D1D8C}.Release|Any CPU.ActiveCfg = Release|Any CPU
		{11EBCBBD-508E-431C-B3E8-20AE178D1D8C}.Release|Any CPU.Build.0 = Release|Any CPU
		{A2804173-0EAE-4FEF-876E-0BD10ACF20C9}.Debug|Any CPU.ActiveCfg = Debug|Any CPU
		{A2804173-0EAE-4FEF-876E-0BD10ACF20C9}.Debug|Any CPU.Build.0 = Debug|Any CPU
		{A2804173-0EAE-4FEF-876E-0BD10ACF20C9}.Release|Any CPU.ActiveCfg = Release|Any CPU
		{A2804173-0EAE-4FEF-876E-0BD10ACF20C9}.Release|Any CPU.Build.0 = Release|Any CPU
		{4712C120-E494-4A00-9E9A-AE1BFE5CAA9D}.Debug|Any CPU.ActiveCfg = Debug|Any CPU
		{4712C120-E494-4A00-9E9A-AE1BFE5CAA9D}.Debug|Any CPU.Build.0 = Debug|Any CPU
		{4712C120-E494-4A00-9E9A-AE1BFE5CAA9D}.Release|Any CPU.ActiveCfg = Release|Any CPU
		{4712C120-E494-4A00-9E9A-AE1BFE5CAA9D}.Release|Any CPU.Build.0 = Release|Any CPU
		{233EDD90-54AE-1F22-836C-E30E18F2D147}.Debug|Any CPU.ActiveCfg = Debug|Any CPU
		{233EDD90-54AE-1F22-836C-E30E18F2D147}.Debug|Any CPU.Build.0 = Debug|Any CPU
		{233EDD90-54AE-1F22-836C-E30E18F2D147}.Release|Any CPU.ActiveCfg = Release|Any CPU
		{233EDD90-54AE-1F22-836C-E30E18F2D147}.Release|Any CPU.Build.0 = Release|Any CPU
		{33366BE7-0A9A-4793-BCE5-7422AAEFE024}.Debug|Any CPU.ActiveCfg = Debug|Any CPU
		{33366BE7-0A9A-4793-BCE5-7422AAEFE024}.Debug|Any CPU.Build.0 = Debug|Any CPU
		{33366BE7-0A9A-4793-BCE5-7422AAEFE024}.Release|Any CPU.ActiveCfg = Release|Any CPU
		{33366BE7-0A9A-4793-BCE5-7422AAEFE024}.Release|Any CPU.Build.0 = Release|Any CPU
		{44ECE34A-99A4-4397-9553-4980D6BE9151}.Debug|Any CPU.ActiveCfg = Debug|Any CPU
		{44ECE34A-99A4-4397-9553-4980D6BE9151}.Debug|Any CPU.Build.0 = Debug|Any CPU
		{44ECE34A-99A4-4397-9553-4980D6BE9151}.Release|Any CPU.ActiveCfg = Release|Any CPU
		{44ECE34A-99A4-4397-9553-4980D6BE9151}.Release|Any CPU.Build.0 = Release|Any CPU
		{11553685-62D7-4B0D-B3B8-F37900B6D50E}.Debug|Any CPU.ActiveCfg = Debug|Any CPU
		{11553685-62D7-4B0D-B3B8-F37900B6D50E}.Debug|Any CPU.Build.0 = Debug|Any CPU
		{11553685-62D7-4B0D-B3B8-F37900B6D50E}.Release|Any CPU.ActiveCfg = Release|Any CPU
		{11553685-62D7-4B0D-B3B8-F37900B6D50E}.Release|Any CPU.Build.0 = Release|Any CPU
		{7703B4D7-DA9D-4149-9964-94D002AB786C}.Debug|Any CPU.ActiveCfg = Debug|Any CPU
		{7703B4D7-DA9D-4149-9964-94D002AB786C}.Debug|Any CPU.Build.0 = Debug|Any CPU
		{7703B4D7-DA9D-4149-9964-94D002AB786C}.Release|Any CPU.ActiveCfg = Release|Any CPU
		{7703B4D7-DA9D-4149-9964-94D002AB786C}.Release|Any CPU.Build.0 = Release|Any CPU
	EndGlobalSection
	GlobalSection(SolutionProperties) = preSolution
		HideSolutionNode = FALSE
	EndGlobalSection
	GlobalSection(NestedProjects) = preSolution
		{E5CA5580-0B79-46E9-9764-623A960EA644} = {1E6A4772-B0A3-40B0-B1FC-68D15B834170}
		{219D5E3C-7C65-4F75-8C47-F6D28D2497E9} = {818290B6-6180-4923-94E0-2C5F9B4D65C9}
		{CB63ED89-42D8-401E-9F8C-6D1978969F56} = {C9865844-AE72-4411-A8F6-6C75088A1779}
		{1E6A4772-B0A3-40B0-B1FC-68D15B834170} = {02EA681E-C7D8-13C7-8484-4AC65E1B71E8}
		{C9865844-AE72-4411-A8F6-6C75088A1779} = {02EA681E-C7D8-13C7-8484-4AC65E1B71E8}
		{93CE6A11-9559-4BF8-9410-375B4C7C5418} = {02EA681E-C7D8-13C7-8484-4AC65E1B71E8}
		{818290B6-6180-4923-94E0-2C5F9B4D65C9} = {02EA681E-C7D8-13C7-8484-4AC65E1B71E8}
		{6C529858-7A63-4389-925A-034AF7B28C1D} = {93CE6A11-9559-4BF8-9410-375B4C7C5418}
		{11EBCBBD-508E-431C-B3E8-20AE178D1D8C} = {93CE6A11-9559-4BF8-9410-375B4C7C5418}
		{A2804173-0EAE-4FEF-876E-0BD10ACF20C9} = {1E6A4772-B0A3-40B0-B1FC-68D15B834170}
		{4712C120-E494-4A00-9E9A-AE1BFE5CAA9D} = {C9865844-AE72-4411-A8F6-6C75088A1779}
		{233EDD90-54AE-1F22-836C-E30E18F2D147} = {818290B6-6180-4923-94E0-2C5F9B4D65C9}
		{33366BE7-0A9A-4793-BCE5-7422AAEFE024} = {93CE6A11-9559-4BF8-9410-375B4C7C5418}
		{44ECE34A-99A4-4397-9553-4980D6BE9151} = {C9865844-AE72-4411-A8F6-6C75088A1779}
		{11553685-62D7-4B0D-B3B8-F37900B6D50E} = {1E6A4772-B0A3-40B0-B1FC-68D15B834170}
		{27489ED8-609E-493A-B9CC-A4D2C4EDF39F} = {02EA681E-C7D8-13C7-8484-4AC65E1B71E8}
		{7703B4D7-DA9D-4149-9964-94D002AB786C} = {27489ED8-609E-493A-B9CC-A4D2C4EDF39F}
	EndGlobalSection
	GlobalSection(ExtensibilityGlobals) = postSolution
		SolutionGuid = {E840E447-324A-4759-8BDF-BA710BA71B85}
	EndGlobalSection
EndGlobal
