
Microsoft Visual Studio Solution File, Format Version 12.00
# Visual Studio Version 17
VisualStudioVersion = 17.13.35919.96
MinimumVisualStudioVersion = 10.0.40219.1
Project("{2150E333-8FDC-42A3-9474-1A3956D46DE8}") = "src", "src", "{02EA681E-C7D8-13C7-8484-4AC65E1B71E8}"
EndProject
Project("{2150E333-8FDC-42A3-9474-1A3956D46DE8}") = "Apis", "Apis", "{1E6A4772-B0A3-40B0-B1FC-68D15B834170}"
EndProject
Project("{2150E333-8FDC-42A3-9474-1A3956D46DE8}") = "Domains", "Domains", "{C9865844-AE72-4411-A8F6-6C75088A1779}"
EndProject
Project("{2150E333-8FDC-42A3-9474-1A3956D46DE8}") = "Infrastructures", "Infrastructures", "{93CE6A11-9559-4BF8-9410-375B4C7C5418}"
	ProjectSection(SolutionItems) = preProject
		src\Infrastructures\schema.md = src\Infrastructures\schema.md
	EndProjectSection
EndProject
Project("{2150E333-8FDC-42A3-9474-1A3956D46DE8}") = "Businesses", "Businesses", "{818290B6-6180-4923-94E0-2C5F9B4D65C9}"
EndProject
Project("{FAE04EC0-301F-11D3-BF4B-00C04F79EFBC}") = "MyDiet.Auth.Infrastructure", "src\Infrastructures\MyDiet.Auth.Infrastructure\MyDiet.Auth.Infrastructure.csproj", "{C7A04D20-0CAF-44E6-B57E-5C9070898C42}"
EndProject
Project("{FAE04EC0-301F-11D3-BF4B-00C04F79EFBC}") = "MyDiet.Auth.Domain", "src\Domains\MyDiet.Auth.Domain\MyDiet.Auth.Domain.csproj", "{0038DDC2-FAEB-497D-8F42-710B57C5B699}"
EndProject
Project("{FAE04EC0-301F-11D3-BF4B-00C04F79EFBC}") = "MyDiet.Auth.Business", "src\Businesses\MyDiet.Auth.Business\MyDiet.Auth.Business.csproj", "{FB41FC3F-2E3D-482D-B59A-D849DB714A80}"
EndProject
Project("{FAE04EC0-301F-11D3-BF4B-00C04F79EFBC}") = "MyDiet.Auth.Api", "src\Apis\MyDiet.Auth.Api\MyDiet.Auth.Api.csproj", "{EDB7A1DF-0908-4236-9C0E-754CAC7076E2}"
EndProject
Project("{00D1A9C2-B5F0-4AF3-8072-F6C62B433612}") = "MyDiet.Shared.Sql", "src\Infrastructures\MyDiet.Shared.Sql\MyDiet.Shared.Sql.sqlproj", "{C442C83B-77F2-4F03-B207-FF0246E103C5}"
EndProject
Global
	GlobalSection(SolutionConfigurationPlatforms) = preSolution
		Debug|Any CPU = Debug|Any CPU
		Release|Any CPU = Release|Any CPU
	EndGlobalSection
	GlobalSection(ProjectConfigurationPlatforms) = postSolution
		{C7A04D20-0CAF-44E6-B57E-5C9070898C42}.Debug|Any CPU.ActiveCfg = Debug|Any CPU
		{C7A04D20-0CAF-44E6-B57E-5C9070898C42}.Debug|Any CPU.Build.0 = Debug|Any CPU
		{C7A04D20-0CAF-44E6-B57E-5C9070898C42}.Release|Any CPU.ActiveCfg = Release|Any CPU
		{C7A04D20-0CAF-44E6-B57E-5C9070898C42}.Release|Any CPU.Build.0 = Release|Any CPU
		{0038DDC2-FAEB-497D-8F42-710B57C5B699}.Debug|Any CPU.ActiveCfg = Debug|Any CPU
		{0038DDC2-FAEB-497D-8F42-710B57C5B699}.Debug|Any CPU.Build.0 = Debug|Any CPU
		{0038DDC2-FAEB-497D-8F42-710B57C5B699}.Release|Any CPU.ActiveCfg = Release|Any CPU
		{0038DDC2-FAEB-497D-8F42-710B57C5B699}.Release|Any CPU.Build.0 = Release|Any CPU
		{FB41FC3F-2E3D-482D-B59A-D849DB714A80}.Debug|Any CPU.ActiveCfg = Debug|Any CPU
		{FB41FC3F-2E3D-482D-B59A-D849DB714A80}.Debug|Any CPU.Build.0 = Debug|Any CPU
		{FB41FC3F-2E3D-482D-B59A-D849DB714A80}.Release|Any CPU.ActiveCfg = Release|Any CPU
		{FB41FC3F-2E3D-482D-B59A-D849DB714A80}.Release|Any CPU.Build.0 = Release|Any CPU
		{EDB7A1DF-0908-4236-9C0E-754CAC7076E2}.Debug|Any CPU.ActiveCfg = Debug|Any CPU
		{EDB7A1DF-0908-4236-9C0E-754CAC7076E2}.Debug|Any CPU.Build.0 = Debug|Any CPU
		{EDB7A1DF-0908-4236-9C0E-754CAC7076E2}.Release|Any CPU.ActiveCfg = Release|Any CPU
		{EDB7A1DF-0908-4236-9C0E-754CAC7076E2}.Release|Any CPU.Build.0 = Release|Any CPU
		{C442C83B-77F2-4F03-B207-FF0246E103C5}.Debug|Any CPU.ActiveCfg = Debug|Any CPU
		{C442C83B-77F2-4F03-B207-FF0246E103C5}.Debug|Any CPU.Build.0 = Debug|Any CPU
		{C442C83B-77F2-4F03-B207-FF0246E103C5}.Debug|Any CPU.Deploy.0 = Debug|Any CPU
		{C442C83B-77F2-4F03-B207-FF0246E103C5}.Release|Any CPU.ActiveCfg = Release|Any CPU
		{C442C83B-77F2-4F03-B207-FF0246E103C5}.Release|Any CPU.Build.0 = Release|Any CPU
		{C442C83B-77F2-4F03-B207-FF0246E103C5}.Release|Any CPU.Deploy.0 = Release|Any CPU
	EndGlobalSection
	GlobalSection(SolutionProperties) = preSolution
		HideSolutionNode = FALSE
	EndGlobalSection
	GlobalSection(NestedProjects) = preSolution
		{1E6A4772-B0A3-40B0-B1FC-68D15B834170} = {02EA681E-C7D8-13C7-8484-4AC65E1B71E8}
		{C9865844-AE72-4411-A8F6-6C75088A1779} = {02EA681E-C7D8-13C7-8484-4AC65E1B71E8}
		{93CE6A11-9559-4BF8-9410-375B4C7C5418} = {02EA681E-C7D8-13C7-8484-4AC65E1B71E8}
		{818290B6-6180-4923-94E0-2C5F9B4D65C9} = {02EA681E-C7D8-13C7-8484-4AC65E1B71E8}
		{C7A04D20-0CAF-44E6-B57E-5C9070898C42} = {93CE6A11-9559-4BF8-9410-375B4C7C5418}
		{0038DDC2-FAEB-497D-8F42-710B57C5B699} = {C9865844-AE72-4411-A8F6-6C75088A1779}
		{FB41FC3F-2E3D-482D-B59A-D849DB714A80} = {818290B6-6180-4923-94E0-2C5F9B4D65C9}
		{EDB7A1DF-0908-4236-9C0E-754CAC7076E2} = {1E6A4772-B0A3-40B0-B1FC-68D15B834170}
		{C442C83B-77F2-4F03-B207-FF0246E103C5} = {93CE6A11-9559-4BF8-9410-375B4C7C5418}
	EndGlobalSection
	GlobalSection(ExtensibilityGlobals) = postSolution
		SolutionGuid = {E840E447-324A-4759-8BDF-BA710BA71B85}
	EndGlobalSection
EndGlobal
