
Microsoft Visual Studio Solution File, Format Version 12.00
# Visual Studio Version 17
VisualStudioVersion = 17.13.35919.96
MinimumVisualStudioVersion = 10.0.40219.1
Project("{2150E333-8FDC-42A3-9474-1A3956D46DE8}") = "src", "src", "{02EA681E-C7D8-13C7-8484-4AC65E1B71E8}"
EndProject
Project("{2150E333-8FDC-42A3-9474-1A3956D46DE8}") = "Apis", "Apis", "{1E6A4772-B0A3-40B0-B1FC-68D15B834170}"
EndProject
Project("{2150E333-8FDC-42A3-9474-1A3956D46DE8}") = "Domains", "Domains", "{C9865844-AE72-4411-A8F6-6C75088A1779}"
EndProject
Project("{2150E333-8FDC-42A3-9474-1A3956D46DE8}") = "Infrastructures", "Infrastructures", "{93CE6A11-9559-4BF8-9410-375B4C7C5418}"
EndProject
Project("{2150E333-8FDC-42A3-9474-1A3956D46DE8}") = "Businesses", "Businesses", "{818290B6-6180-4923-94E0-2C5F9B4D65C9}"
EndProject
Project("{FAE04EC0-301F-11D3-BF4B-00C04F79EFBC}") = "MyDiet.Auth.Infrastructure", "src\Infrastructures\MyDiet.Auth.Infrastructure\MyDiet.Auth.Infrastructure.csproj", "{C7A04D20-0CAF-44E6-B57E-5C9070898C42}"
EndProject
Project("{FAE04EC0-301F-11D3-BF4B-00C04F79EFBC}") = "MyDiet.Auth.Domain", "src\Domains\MyDiet.Auth.Domain\MyDiet.Auth.Domain.csproj", "{0038DDC2-FAEB-497D-8F42-710B57C5B699}"
EndProject
Project("{FAE04EC0-301F-11D3-BF4B-00C04F79EFBC}") = "MyDiet.Auth.Business", "src\Businesses\MyDiet.Auth.Business\MyDiet.Auth.Business.csproj", "{FB41FC3F-2E3D-482D-B59A-D849DB714A80}"
EndProject
Project("{00D1A9C2-B5F0-4AF3-8072-F6C62B433612}") = "MyDiet.Shared.Sql", "src\Infrastructures\MyDiet.Shared.Sql\MyDiet.Shared.Sql.sqlproj", "{C442C83B-77F2-4F03-B207-FF0246E103C5}"
EndProject
Project("{FAE04EC0-301F-11D3-BF4B-00C04F79EFBC}") = "MyDiet.Core.Infrastructure", "src\Infrastructures\MyDiet.Core.Infrastructure\MyDiet.Core.Infrastructure.csproj", "{01797CF6-E557-4846-8AD9-D7F151C61BC0}"
EndProject
Project("{FAE04EC0-301F-11D3-BF4B-00C04F79EFBC}") = "MyDiet.Core.Domain", "src\Domains\MyDiet.Core.Domain\MyDiet.Core.Domain.csproj", "{616CA449-2BAC-4173-8612-612F92DF335E}"
EndProject
Project("{FAE04EC0-301F-11D3-BF4B-00C04F79EFBC}") = "MyDiet.Core.Business", "src\Businesses\MyDiet.Core.Business\MyDiet.Core.Business.csproj", "{92F8D5AC-A756-4C5A-AAE4-C211E2915CEA}"
EndProject
Project("{2150E333-8FDC-42A3-9474-1A3956D46DE8}") = "Tests", "Tests", "{A2F1BEB4-D728-4D67-9A3B-4237250E3D10}"
EndProject
Project("{FAE04EC0-301F-11D3-BF4B-00C04F79EFBC}") = "MyDiet.Shared.Api", "src\Apis\MyDiet.Shared.Api\MyDiet.Shared.Api.csproj", "{129E0309-A919-CA46-6B5A-2508F92784A9}"
EndProject
Project("{FAE04EC0-301F-11D3-BF4B-00C04F79EFBC}") = "MyDiet.Shared.Test", "src\Tests\MyDiet.Shared.Test\MyDiet.Shared.Test.csproj", "{267A43AE-D834-50E6-39A7-3DD387EF37B4}"
EndProject
Project("{2150E333-8FDC-42A3-9474-1A3956D46DE8}") = "prompts", "prompts", "{3EF1B023-5FDD-4031-B79B-E0BE301018C9}"
	ProjectSection(SolutionItems) = preProject
		prompts\prompt_business_response.md = prompts\prompt_business_response.md
		prompts\prompt_cor.md = prompts\prompt_cor.md
		prompts\prompt_design_patterns_instructions.md = prompts\prompt_design_patterns_instructions.md
	EndProjectSection
EndProject
Project("{2150E333-8FDC-42A3-9474-1A3956D46DE8}") = "docs", "docs", "{41CC7254-183F-4EE8-AE9A-11319F829D62}"
EndProject
Project("{2150E333-8FDC-42A3-9474-1A3956D46DE8}") = "designPatterns", "designPatterns", "{FE7EA78D-5B51-4D7C-9151-E20E30A7199E}"
	ProjectSection(SolutionItems) = preProject
		docs\designPatterns\Adapter_Pattern.md = docs\designPatterns\Adapter_Pattern.md
		docs\designPatterns\Command_Pattern.md = docs\designPatterns\Command_Pattern.md
		docs\designPatterns\Decorator_Pattern.md = docs\designPatterns\Decorator_Pattern.md
		docs\designPatterns\Dependency_Injection_Pattern.md = docs\designPatterns\Dependency_Injection_Pattern.md
		docs\designPatterns\Facade_Pattern.md = docs\designPatterns\Facade_Pattern.md
		docs\designPatterns\Observer_Pattern.md = docs\designPatterns\Observer_Pattern.md
		docs\designPatterns\README.md = docs\designPatterns\README.md
		docs\designPatterns\Repository_Pattern.md = docs\designPatterns\Repository_Pattern.md
		docs\designPatterns\Service_Layer_Pattern.md = docs\designPatterns\Service_Layer_Pattern.md
		docs\designPatterns\Singleton_Pattern.md = docs\designPatterns\Singleton_Pattern.md
		docs\designPatterns\Strategy_Pattern.md = docs\designPatterns\Strategy_Pattern.md
		docs\designPatterns\Template_Method_Pattern.md = docs\designPatterns\Template_Method_Pattern.md
	EndProjectSection
EndProject
Global
	GlobalSection(SolutionConfigurationPlatforms) = preSolution
		Debug|Any CPU = Debug|Any CPU
		Release|Any CPU = Release|Any CPU
	EndGlobalSection
	GlobalSection(ProjectConfigurationPlatforms) = postSolution
		{C7A04D20-0CAF-44E6-B57E-5C9070898C42}.Debug|Any CPU.ActiveCfg = Debug|Any CPU
		{C7A04D20-0CAF-44E6-B57E-5C9070898C42}.Debug|Any CPU.Build.0 = Debug|Any CPU
		{C7A04D20-0CAF-44E6-B57E-5C9070898C42}.Release|Any CPU.ActiveCfg = Release|Any CPU
		{C7A04D20-0CAF-44E6-B57E-5C9070898C42}.Release|Any CPU.Build.0 = Release|Any CPU
		{0038DDC2-FAEB-497D-8F42-710B57C5B699}.Debug|Any CPU.ActiveCfg = Debug|Any CPU
		{0038DDC2-FAEB-497D-8F42-710B57C5B699}.Debug|Any CPU.Build.0 = Debug|Any CPU
		{0038DDC2-FAEB-497D-8F42-710B57C5B699}.Release|Any CPU.ActiveCfg = Release|Any CPU
		{0038DDC2-FAEB-497D-8F42-710B57C5B699}.Release|Any CPU.Build.0 = Release|Any CPU
		{FB41FC3F-2E3D-482D-B59A-D849DB714A80}.Debug|Any CPU.ActiveCfg = Debug|Any CPU
		{FB41FC3F-2E3D-482D-B59A-D849DB714A80}.Debug|Any CPU.Build.0 = Debug|Any CPU
		{FB41FC3F-2E3D-482D-B59A-D849DB714A80}.Release|Any CPU.ActiveCfg = Release|Any CPU
		{FB41FC3F-2E3D-482D-B59A-D849DB714A80}.Release|Any CPU.Build.0 = Release|Any CPU
		{C442C83B-77F2-4F03-B207-FF0246E103C5}.Debug|Any CPU.ActiveCfg = Debug|Any CPU
		{C442C83B-77F2-4F03-B207-FF0246E103C5}.Debug|Any CPU.Build.0 = Debug|Any CPU
		{C442C83B-77F2-4F03-B207-FF0246E103C5}.Debug|Any CPU.Deploy.0 = Debug|Any CPU
		{C442C83B-77F2-4F03-B207-FF0246E103C5}.Release|Any CPU.ActiveCfg = Release|Any CPU
		{C442C83B-77F2-4F03-B207-FF0246E103C5}.Release|Any CPU.Build.0 = Release|Any CPU
		{C442C83B-77F2-4F03-B207-FF0246E103C5}.Release|Any CPU.Deploy.0 = Release|Any CPU
		{01797CF6-E557-4846-8AD9-D7F151C61BC0}.Debug|Any CPU.ActiveCfg = Debug|Any CPU
		{01797CF6-E557-4846-8AD9-D7F151C61BC0}.Debug|Any CPU.Build.0 = Debug|Any CPU
		{01797CF6-E557-4846-8AD9-D7F151C61BC0}.Release|Any CPU.ActiveCfg = Release|Any CPU
		{01797CF6-E557-4846-8AD9-D7F151C61BC0}.Release|Any CPU.Build.0 = Release|Any CPU
		{616CA449-2BAC-4173-8612-612F92DF335E}.Debug|Any CPU.ActiveCfg = Debug|Any CPU
		{616CA449-2BAC-4173-8612-612F92DF335E}.Debug|Any CPU.Build.0 = Debug|Any CPU
		{616CA449-2BAC-4173-8612-612F92DF335E}.Release|Any CPU.ActiveCfg = Release|Any CPU
		{616CA449-2BAC-4173-8612-612F92DF335E}.Release|Any CPU.Build.0 = Release|Any CPU
		{92F8D5AC-A756-4C5A-AAE4-C211E2915CEA}.Debug|Any CPU.ActiveCfg = Debug|Any CPU
		{92F8D5AC-A756-4C5A-AAE4-C211E2915CEA}.Debug|Any CPU.Build.0 = Debug|Any CPU
		{92F8D5AC-A756-4C5A-AAE4-C211E2915CEA}.Release|Any CPU.ActiveCfg = Release|Any CPU
		{92F8D5AC-A756-4C5A-AAE4-C211E2915CEA}.Release|Any CPU.Build.0 = Release|Any CPU
		{129E0309-A919-CA46-6B5A-2508F92784A9}.Debug|Any CPU.ActiveCfg = Debug|Any CPU
		{129E0309-A919-CA46-6B5A-2508F92784A9}.Debug|Any CPU.Build.0 = Debug|Any CPU
		{129E0309-A919-CA46-6B5A-2508F92784A9}.Release|Any CPU.ActiveCfg = Release|Any CPU
		{129E0309-A919-CA46-6B5A-2508F92784A9}.Release|Any CPU.Build.0 = Release|Any CPU
		{267A43AE-D834-50E6-39A7-3DD387EF37B4}.Debug|Any CPU.ActiveCfg = Debug|Any CPU
		{267A43AE-D834-50E6-39A7-3DD387EF37B4}.Debug|Any CPU.Build.0 = Debug|Any CPU
		{267A43AE-D834-50E6-39A7-3DD387EF37B4}.Release|Any CPU.ActiveCfg = Release|Any CPU
		{267A43AE-D834-50E6-39A7-3DD387EF37B4}.Release|Any CPU.Build.0 = Release|Any CPU
	EndGlobalSection
	GlobalSection(SolutionProperties) = preSolution
		HideSolutionNode = FALSE
	EndGlobalSection
	GlobalSection(NestedProjects) = preSolution
		{1E6A4772-B0A3-40B0-B1FC-68D15B834170} = {02EA681E-C7D8-13C7-8484-4AC65E1B71E8}
		{C9865844-AE72-4411-A8F6-6C75088A1779} = {02EA681E-C7D8-13C7-8484-4AC65E1B71E8}
		{93CE6A11-9559-4BF8-9410-375B4C7C5418} = {02EA681E-C7D8-13C7-8484-4AC65E1B71E8}
		{818290B6-6180-4923-94E0-2C5F9B4D65C9} = {02EA681E-C7D8-13C7-8484-4AC65E1B71E8}
		{C7A04D20-0CAF-44E6-B57E-5C9070898C42} = {93CE6A11-9559-4BF8-9410-375B4C7C5418}
		{0038DDC2-FAEB-497D-8F42-710B57C5B699} = {C9865844-AE72-4411-A8F6-6C75088A1779}
		{FB41FC3F-2E3D-482D-B59A-D849DB714A80} = {818290B6-6180-4923-94E0-2C5F9B4D65C9}
		{C442C83B-77F2-4F03-B207-FF0246E103C5} = {93CE6A11-9559-4BF8-9410-375B4C7C5418}
		{01797CF6-E557-4846-8AD9-D7F151C61BC0} = {93CE6A11-9559-4BF8-9410-375B4C7C5418}
		{616CA449-2BAC-4173-8612-612F92DF335E} = {C9865844-AE72-4411-A8F6-6C75088A1779}
		{92F8D5AC-A756-4C5A-AAE4-C211E2915CEA} = {818290B6-6180-4923-94E0-2C5F9B4D65C9}
		{A2F1BEB4-D728-4D67-9A3B-4237250E3D10} = {02EA681E-C7D8-13C7-8484-4AC65E1B71E8}
		{129E0309-A919-CA46-6B5A-2508F92784A9} = {1E6A4772-B0A3-40B0-B1FC-68D15B834170}
		{267A43AE-D834-50E6-39A7-3DD387EF37B4} = {A2F1BEB4-D728-4D67-9A3B-4237250E3D10}
		{FE7EA78D-5B51-4D7C-9151-E20E30A7199E} = {41CC7254-183F-4EE8-AE9A-11319F829D62}
	EndGlobalSection
	GlobalSection(ExtensibilityGlobals) = postSolution
		SolutionGuid = {E840E447-324A-4759-8BDF-BA710BA71B85}
	EndGlobalSection
EndGlobal
